<?xml version="1.0" encoding="utf-8"?>
<Project ToolsVersion="4.0" xmlns="http://schemas.microsoft.com/developer/msbuild/2003">
  <ItemGroup>
    <Filter Include="Source Files">
      <UniqueIdentifier>{4FC737F1-C7A5-4376-A066-2A32D752A2FF}</UniqueIdentifier>
      <Extensions>cpp;c;cc;cxx;c++;cppm;ixx;def;odl;idl;hpj;bat;asm;asmx</Extensions>
    </Filter>
    <Filter Include="Header Files">
      <UniqueIdentifier>{93995380-89BD-4b04-88EB-625FBE52EBFB}</UniqueIdentifier>
      <Extensions>h;hh;hpp;hxx;h++;hm;inl;inc;ipp;xsd</Extensions>
    </Filter>
    <Filter Include="Resource Files">
      <UniqueIdentifier>{67DA6AB6-F800-4c08-8B7A-83BB121AAD01}</UniqueIdentifier>
      <Extensions>rc;ico;cur;bmp;dlg;rc2;rct;bin;rgs;gif;jpg;jpeg;jpe;resx;tiff;tif;png;wav;mfcribbon-ms</Extensions>
    </Filter>
    <Filter Include="SphereTrace">
      <UniqueIdentifier>{22ac887c-05e6-450b-9cca-2405edfb2858}</UniqueIdentifier>
    </Filter>
  </ItemGroup>
  <ItemGroup>
    <ClCompile Include="Renderer.cpp">
      <Filter>Source Files</Filter>
    </ClCompile>
    <ClCompile Include="DXSample.cpp">
      <Filter>Source Files</Filter>
    </ClCompile>
    <ClCompile Include="Main.cpp">
      <Filter>Source Files</Filter>
    </ClCompile>
    <ClCompile Include="stdafx.cpp">
      <Filter>Source Files</Filter>
    </ClCompile>
    <ClCompile Include="SphereTracePhysicsEngine\src\SphereTraceTag.c">
      <Filter>SphereTrace</Filter>
    </ClCompile>
    <ClCompile Include="SphereTracePhysicsEngine\src\SphereTrace.c">
      <Filter>SphereTrace</Filter>
    </ClCompile>
    <ClCompile Include="SphereTracePhysicsEngine\src\SphereTraceAI.c">
      <Filter>SphereTrace</Filter>
    </ClCompile>
    <ClCompile Include="SphereTracePhysicsEngine\src\SphereTraceAllocator.c">
      <Filter>SphereTrace</Filter>
    </ClCompile>
    <ClCompile Include="SphereTracePhysicsEngine\src\SphereTraceCollider.c">
      <Filter>SphereTrace</Filter>
    </ClCompile>
    <ClCompile Include="SphereTracePhysicsEngine\src\SphereTraceColliderBox.c">
      <Filter>SphereTrace</Filter>
    </ClCompile>
    <ClCompile Include="SphereTracePhysicsEngine\src\SphereTraceColliderExperimental.c">
      <Filter>SphereTrace</Filter>
    </ClCompile>
    <ClCompile Include="SphereTracePhysicsEngine\src\SphereTraceColliderPlane.c">
      <Filter>SphereTrace</Filter>
    </ClCompile>
    <ClCompile Include="SphereTracePhysicsEngine\src\SphereTraceColliderSphere.c">
      <Filter>SphereTrace</Filter>
    </ClCompile>
    <ClCompile Include="SphereTracePhysicsEngine\src\SphereTraceColliderTerrain.c">
      <Filter>SphereTrace</Filter>
    </ClCompile>
    <ClCompile Include="SphereTracePhysicsEngine\src\SphereTraceColliderTriangle.c">
      <Filter>SphereTrace</Filter>
    </ClCompile>
    <ClCompile Include="SphereTracePhysicsEngine\src\SphereTraceHashTable.c">
      <Filter>SphereTrace</Filter>
    </ClCompile>
    <ClCompile Include="SphereTracePhysicsEngine\src\SphereTraceLists.c">
      <Filter>SphereTrace</Filter>
    </ClCompile>
    <ClCompile Include="SphereTracePhysicsEngine\src\SphereTraceMaterial.c">
      <Filter>SphereTrace</Filter>
    </ClCompile>
    <ClCompile Include="SphereTracePhysicsEngine\src\SphereTraceMath.c">
      <Filter>SphereTrace</Filter>
    </ClCompile>
    <ClCompile Include="SphereTracePhysicsEngine\src\SphereTraceRigidBody.c">
      <Filter>SphereTrace</Filter>
    </ClCompile>
    <ClCompile Include="SphereTracePhysicsEngine\src\SphereTraceSpacialPartition.c">
      <Filter>SphereTrace</Filter>
    </ClCompile>
    <ClCompile Include="Scene.cpp">
      <Filter>Source Files</Filter>
    </ClCompile>
  </ItemGroup>
  <ItemGroup>
    <ClInclude Include="Renderer.h">
      <Filter>Header Files</Filter>
    </ClInclude>
    <ClInclude Include="DXSample.h">
      <Filter>Header Files</Filter>
    </ClInclude>
    <ClInclude Include="DXSampleHelper.h">
      <Filter>Header Files</Filter>
    </ClInclude>
    <ClInclude Include="stdafx.h">
      <Filter>Header Files</Filter>
    </ClInclude>
    <ClInclude Include="d3dx12.h">
      <Filter>Header Files</Filter>
    </ClInclude>
    <ClInclude Include="SphereTracePhysicsEngine\src\SphereTrace.h">
      <Filter>SphereTrace</Filter>
    </ClInclude>
    <ClInclude Include="SphereTracePhysicsEngine\src\SphereTraceAI.h">
      <Filter>SphereTrace</Filter>
    </ClInclude>
    <ClInclude Include="SphereTracePhysicsEngine\src\SphereTraceAllocator.h">
      <Filter>SphereTrace</Filter>
    </ClInclude>
    <ClInclude Include="SphereTracePhysicsEngine\src\SphereTraceCollider.h">
      <Filter>SphereTrace</Filter>
    </ClInclude>
    <ClInclude Include="SphereTracePhysicsEngine\src\SphereTraceColliderBox.h">
      <Filter>SphereTrace</Filter>
    </ClInclude>
    <ClInclude Include="SphereTracePhysicsEngine\src\SphereTraceColliderExperimental.h">
      <Filter>SphereTrace</Filter>
    </ClInclude>
    <ClInclude Include="SphereTracePhysicsEngine\src\SphereTraceColliderPlane.h">
      <Filter>SphereTrace</Filter>
    </ClInclude>
    <ClInclude Include="SphereTracePhysicsEngine\src\SphereTraceColliderSphere.h">
      <Filter>SphereTrace</Filter>
    </ClInclude>
    <ClInclude Include="SphereTracePhysicsEngine\src\SphereTraceColliderTerrain.h">
      <Filter>SphereTrace</Filter>
    </ClInclude>
    <ClInclude Include="SphereTracePhysicsEngine\src\SphereTraceColliderTriangle.h">
      <Filter>SphereTrace</Filter>
    </ClInclude>
    <ClInclude Include="SphereTracePhysicsEngine\src\SphereTraceGlobals.h">
      <Filter>SphereTrace</Filter>
    </ClInclude>
    <ClInclude Include="SphereTracePhysicsEngine\src\SphereTraceHashTable.h">
      <Filter>SphereTrace</Filter>
    </ClInclude>
    <ClInclude Include="SphereTracePhysicsEngine\src\SphereTraceLists.h">
      <Filter>SphereTrace</Filter>
    </ClInclude>
    <ClInclude Include="SphereTracePhysicsEngine\src\SphereTraceMaterial.h">
      <Filter>SphereTrace</Filter>
    </ClInclude>
    <ClInclude Include="SphereTracePhysicsEngine\src\SphereTraceMath.h">
      <Filter>SphereTrace</Filter>
    </ClInclude>
    <ClInclude Include="SphereTracePhysicsEngine\src\SphereTraceRigidBody.h">
      <Filter>SphereTrace</Filter>
    </ClInclude>
    <ClInclude Include="SphereTracePhysicsEngine\src\SphereTraceSpacialPartition.h">
      <Filter>SphereTrace</Filter>
    </ClInclude>
    <ClInclude Include="SphereTracePhysicsEngine\src\SphereTraceTag.h">
      <Filter>SphereTrace</Filter>
    </ClInclude>
    <ClInclude Include="Camera.h">
      <Filter>Header Files</Filter>
    </ClInclude>
    <ClInclude Include="Pipeline.h">
      <Filter>Header Files</Filter>
    </ClInclude>
    <ClInclude Include="VertexBuffer.h">
      <Filter>Header Files</Filter>
    </ClInclude>
    <ClInclude Include="DescriptorHandleProvider.h">
      <Filter>Header Files</Filter>
    </ClInclude>
    <ClInclude Include="ConstantBuffer.h">
      <Filter>Header Files</Filter>
    </ClInclude>
    <ClInclude Include="Time.h">
      <Filter>Header Files</Filter>
    </ClInclude>
    <ClInclude Include="Input.h">
      <Filter>Header Files</Filter>
    </ClInclude>
    <ClInclude Include="Scene.h">
      <Filter>Header Files</Filter>
    </ClInclude>
    <ClInclude Include="Texture.h">
      <Filter>Header Files</Filter>
    </ClInclude>
  </ItemGroup>
  <ItemGroup>
    <FxCompile Include="DefaultShaders.hlsl">
      <Filter>Resource Files</Filter>
    </FxCompile>
    <FxCompile Include="WireFrameShaders.hlsl">
      <Filter>Resource Files</Filter>
    </FxCompile>
    <FxCompile Include="DefaultInstancedShaders.hlsl">
      <Filter>Resource Files</Filter>
    </FxCompile>
    <FxCompile Include="ShadowPass.hlsl">
      <Filter>Resource Files</Filter>
    </FxCompile>
  </ItemGroup>
</Project>